
Microsoft Visual Studio Solution File, Format Version 12.00
# Visual Studio Version 17
VisualStudioVersion = 17.5.33424.131
MinimumVisualStudioVersion = 10.0.40219.1
Project("{FAE04EC0-301F-11D3-BF4B-00C04F79EFBC}") = "RabbitMQ.HeaderExchange.Publisher", "RabbitMQ.HeaderExchange.Publisher\RabbitMQ.HeaderExchange.Publisher.csproj", "{44BD37A9-0928-4DB2-9185-2A65002F3DE2}"
EndProject
Project("{FAE04EC0-301F-11D3-BF4B-00C04F79EFBC}") = "RabbitMQ.HeaderExchange.Consumer", "RabbitMQ.HeaderExchange.Consumer\RabbitMQ.HeaderExchange.Consumer.csproj", "{9F37B947-23D2-4A99-89EB-52F94A8E2DD6}"
EndProject
Global
	GlobalSection(SolutionConfigurationPlatforms) = preSolution
		Debug|Any CPU = Debug|Any CPU
		Release|Any CPU = Release|Any CPU
	EndGlobalSection
	GlobalSection(ProjectConfigurationPlatforms) = postSolution
		{44BD37A9-0928-4DB2-9185-2A65002F3DE2}.Debug|Any CPU.ActiveCfg = Debug|Any CPU
		{44BD37A9-0928-4DB2-9185-2A65002F3DE2}.Debug|Any CPU.Build.0 = Debug|Any CPU
		{44BD37A9-0928-4DB2-9185-2A65002F3DE2}.Release|Any CPU.ActiveCfg = Release|Any CPU
		{44BD37A9-0928-4DB2-9185-2A65002F3DE2}.Release|Any CPU.Build.0 = Release|Any CPU
		{9F37B947-23D2-4A99-89EB-52F94A8E2DD6}.Debug|Any CPU.ActiveCfg = Debug|Any CPU
		{9F37B947-23D2-4A99-89EB-52F94A8E2DD6}.Debug|Any CPU.Build.0 = Debug|Any CPU
		{9F37B947-23D2-4A99-89EB-52F94A8E2DD6}.Release|Any CPU.ActiveCfg = Release|Any CPU
		{9F37B947-23D2-4A99-89EB-52F94A8E2DD6}.Release|Any CPU.Build.0 = Release|Any CPU
	EndGlobalSection
	GlobalSection(SolutionProperties) = preSolution
		HideSolutionNode = FALSE
	EndGlobalSection
	GlobalSection(ExtensibilityGlobals) = postSolution
		SolutionGuid = {46B95E35-115C-4C3C-8E49-B0EBB77227F6}
	EndGlobalSection
EndGlobal
